{
  "object": {
    "pins": [
      {
        "package": "Tyler.Action",
        "repositoryURL": "https://github.com/IgorMuzyka/Tyler.Action",
        "state": {
          "branch": "master",
          "revision": "9a351004f0ee9eefe3bc2b9fbb7dc9229f262f3c",
          "version": null
        }
      },
      {
        "package": "Tyler.Anchor",
        "repositoryURL": "https://github.com/IgorMuzyka/Tyler.Anchor",
        "state": {
          "branch": "master",
          "revision": "1eccdd5251e2f38dfd831960c78e666493fb00d9",
          "version": null
        }
      },
      {
        "package": "Tyler.Identifier",
        "repositoryURL": "https://github.com/IgorMuzyka/Tyler.Identifier",
        "state": {
          "branch": "master",
          "revision": "7cae3ec51fa514749a98c98d578f991169e5d1e5",
          "version": null
        }
      },
      {
        "package": "Tyler.Style",
        "repositoryURL": "https://github.com/IgorMuzyka/Tyler.Style",
        "state": {
          "branch": "master",
          "revision": "87e1e163935220859de9f06843a10c6beeb18490",
          "version": null
        }
      },
      {
        "package": "Tyler.Tag",
        "repositoryURL": "https://github.com/IgorMuzyka/Tyler.Tag",
        "state": {
          "branch": "master",
          "revision": "235120d0dd85d0b2db95ba04f6637fc6f87b19b6",
          "version": null
        }
      },
      {
        "package": "Tyler.Variable",
        "repositoryURL": "https://github.com/IgorMuzyka/Tyler.Variable",
        "state": {
          "branch": "master",
          "revision": "b5e2b1c7f7750c33c2c921396d1974bd72b8d46e",
          "version": null
        }
      },
      {
        "package": "TypePreservingCodingAdapter",
        "repositoryURL": "https://github.com/IgorMuzyka/Type-Preserving-Coding-Adapter",
        "state": {
          "branch": "master",
          "revision": "56de4b11ca4154837b18634628e6370bb53fd095",
          "version": null
        }
      }
    ]
  },
  "version": 1
}
